
Microsoft Visual Studio Solution File, Format Version 12.00
# Visual Studio Version 17
VisualStudioVersion = 17.5.33516.290
MinimumVisualStudioVersion = 10.0.40219.1
Project("{FAE04EC0-301F-11D3-BF4B-00C04F79EFBC}") = "CarWash", "CarWash\CarWash.csproj", "{2ACAF336-B3ED-4257-BB69-1BA000C98158}"
EndProject
Global
	GlobalSection(SolutionConfigurationPlatforms) = preSolution
		Debug|Any CPU = Debug|Any CPU
		Release|Any CPU = Release|Any CPU
	EndGlobalSection
	GlobalSection(ProjectConfigurationPlatforms) = postSolution
		{2ACAF336-B3ED-4257-BB69-1BA000C98158}.Debug|Any CPU.ActiveCfg = Debug|Any CPU
		{2ACAF336-B3ED-4257-BB69-1BA000C98158}.Debug|Any CPU.Build.0 = Debug|Any CPU
		{2ACAF336-B3ED-4257-BB69-1BA000C98158}.Release|Any CPU.ActiveCfg = Release|Any CPU
		{2ACAF336-B3ED-4257-BB69-1BA000C98158}.Release|Any CPU.Build.0 = Release|Any CPU
	EndGlobalSection
	GlobalSection(SolutionProperties) = preSolution
		HideSolutionNode = FALSE
	EndGlobalSection
	GlobalSection(ExtensibilityGlobals) = postSolution
		SolutionGuid = {BCE15A06-8AEE-472F-AF04-C627B4ECA517}
	EndGlobalSection
EndGlobal
